
Microsoft Visual Studio Solution File, Format Version 12.00
# Visual Studio Version 16
VisualStudioVersion = 16.0.809.2
MinimumVisualStudioVersion = 10.0.40219.1
Project("{FAE04EC0-301F-11D3-BF4B-00C04F79EFBC}") = "VariablesCS", "VariablesCS.csproj", "{01E8C44D-2748-4640-9AD7-DF77F916CC4B}"
EndProject
Global
	GlobalSection(SolutionConfigurationPlatforms) = preSolution
		Debug|Any CPU = Debug|Any CPU
		Release|Any CPU = Release|Any CPU
	EndGlobalSection
	GlobalSection(ProjectConfigurationPlatforms) = postSolution
		{01E8C44D-2748-4640-9AD7-DF77F916CC4B}.Debug|Any CPU.ActiveCfg = Debug|Any CPU
		{01E8C44D-2748-4640-9AD7-DF77F916CC4B}.Debug|Any CPU.Build.0 = Debug|Any CPU
		{01E8C44D-2748-4640-9AD7-DF77F916CC4B}.Release|Any CPU.ActiveCfg = Release|Any CPU
		{01E8C44D-2748-4640-9AD7-DF77F916CC4B}.Release|Any CPU.Build.0 = Release|Any CPU
	EndGlobalSection
	GlobalSection(SolutionProperties) = preSolution
		HideSolutionNode = FALSE
	EndGlobalSection
	GlobalSection(ExtensibilityGlobals) = postSolution
		SolutionGuid = {4FEFB43D-0ADD-405E-BB64-128256A23639}
	EndGlobalSection
EndGlobal
